
Microsoft Visual Studio Solution File, Format Version 12.00
# Visual Studio 15
VisualStudioVersion = 15.0.27130.2026
MinimumVisualStudioVersion = 10.0.40219.1
Project("{FAE04EC0-301F-11D3-BF4B-00C04F79EFBC}") = "TaoInterativaOrientacaoObjeto​", "TaoInterativaOrientacaoObjeto​.csproj", "{3CDDFFD5-0554-4D45-BFEA-6F8A796006A2}"
EndProject
Global
	GlobalSection(SolutionConfigurationPlatforms) = preSolution
		Debug|Any CPU = Debug|Any CPU
		Release|Any CPU = Release|Any CPU
	EndGlobalSection
	GlobalSection(ProjectConfigurationPlatforms) = postSolution
		{3CDDFFD5-0554-4D45-BFEA-6F8A796006A2}.Debug|Any CPU.ActiveCfg = Debug|Any CPU
		{3CDDFFD5-0554-4D45-BFEA-6F8A796006A2}.Debug|Any CPU.Build.0 = Debug|Any CPU
		{3CDDFFD5-0554-4D45-BFEA-6F8A796006A2}.Release|Any CPU.ActiveCfg = Release|Any CPU
		{3CDDFFD5-0554-4D45-BFEA-6F8A796006A2}.Release|Any CPU.Build.0 = Release|Any CPU
	EndGlobalSection
	GlobalSection(SolutionProperties) = preSolution
		HideSolutionNode = FALSE
	EndGlobalSection
	GlobalSection(ExtensibilityGlobals) = postSolution
		SolutionGuid = {2673F074-34AE-4281-B7D9-2B8A0EC70C5C}
	EndGlobalSection
EndGlobal
